{
  "version": "v1",
  "packages": {
    "@equinor/workspace-react": {
      "version": "0.0.1",
      "signature": "875b6118c8b395122a67514d04b6be7f",
      "file": true
    },
    "@equinor/workspace-react2": {
      "version": "0.0.1",
      "signature": "5236032ebd8bd0c2faf63969a04eae88",
      "file": true
    }
  }
}